
Microsoft Visual Studio Solution File, Format Version 12.00
# Visual Studio Version 17
VisualStudioVersion = 17.1.32228.430
MinimumVisualStudioVersion = 10.0.40219.1
Project("{FAE04EC0-301F-11D3-BF4B-00C04F79EFBC}") = "Application", "Application\Application.csproj", "{5E8B6B28-CC63-4FEC-8352-4F38957B389E}"
EndProject
Project("{9A19103F-16F7-4668-BE54-9A1E7A4F7556}") = "Api", "Api\Api.csproj", "{84E10AC9-97D5-407F-85E5-9C481E4C1582}"
EndProject
Project("{FAE04EC0-301F-11D3-BF4B-00C04F79EFBC}") = "Domain", "Domain\Domain.csproj", "{037FF7BC-73DE-4BA5-BBCA-B7A13B5E4992}"
EndProject
Project("{FAE04EC0-301F-11D3-BF4B-00C04F79EFBC}") = "Infra", "Infra\Infra.csproj", "{6C509BE7-F9CB-4873-821A-3EC699EBFE25}"
EndProject
Global
	GlobalSection(SolutionConfigurationPlatforms) = preSolution
		Debug|Any CPU = Debug|Any CPU
		Release|Any CPU = Release|Any CPU
	EndGlobalSection
	GlobalSection(ProjectConfigurationPlatforms) = postSolution
		{5E8B6B28-CC63-4FEC-8352-4F38957B389E}.Debug|Any CPU.ActiveCfg = Debug|Any CPU
		{5E8B6B28-CC63-4FEC-8352-4F38957B389E}.Debug|Any CPU.Build.0 = Debug|Any CPU
		{5E8B6B28-CC63-4FEC-8352-4F38957B389E}.Release|Any CPU.ActiveCfg = Release|Any CPU
		{5E8B6B28-CC63-4FEC-8352-4F38957B389E}.Release|Any CPU.Build.0 = Release|Any CPU
		{84E10AC9-97D5-407F-85E5-9C481E4C1582}.Debug|Any CPU.ActiveCfg = Debug|Any CPU
		{84E10AC9-97D5-407F-85E5-9C481E4C1582}.Debug|Any CPU.Build.0 = Debug|Any CPU
		{84E10AC9-97D5-407F-85E5-9C481E4C1582}.Release|Any CPU.ActiveCfg = Release|Any CPU
		{84E10AC9-97D5-407F-85E5-9C481E4C1582}.Release|Any CPU.Build.0 = Release|Any CPU
		{037FF7BC-73DE-4BA5-BBCA-B7A13B5E4992}.Debug|Any CPU.ActiveCfg = Debug|Any CPU
		{037FF7BC-73DE-4BA5-BBCA-B7A13B5E4992}.Debug|Any CPU.Build.0 = Debug|Any CPU
		{037FF7BC-73DE-4BA5-BBCA-B7A13B5E4992}.Release|Any CPU.ActiveCfg = Release|Any CPU
		{037FF7BC-73DE-4BA5-BBCA-B7A13B5E4992}.Release|Any CPU.Build.0 = Release|Any CPU
		{6C509BE7-F9CB-4873-821A-3EC699EBFE25}.Debug|Any CPU.ActiveCfg = Debug|Any CPU
		{6C509BE7-F9CB-4873-821A-3EC699EBFE25}.Debug|Any CPU.Build.0 = Debug|Any CPU
		{6C509BE7-F9CB-4873-821A-3EC699EBFE25}.Release|Any CPU.ActiveCfg = Release|Any CPU
		{6C509BE7-F9CB-4873-821A-3EC699EBFE25}.Release|Any CPU.Build.0 = Release|Any CPU
	EndGlobalSection
	GlobalSection(SolutionProperties) = preSolution
		HideSolutionNode = FALSE
	EndGlobalSection
	GlobalSection(ExtensibilityGlobals) = postSolution
		SolutionGuid = {B014B070-E1F2-4FBD-AEBB-105D1C806281}
	EndGlobalSection
EndGlobal
